
Microsoft Visual Studio Solution File, Format Version 12.00
# Visual Studio Version 17
VisualStudioVersion = 17.1.32210.238
MinimumVisualStudioVersion = 10.0.40219.1
Project("{8BC9CEB8-8B4A-11D0-8D11-00A0C91BC942}") = "Pong", "Pong\Pong.vcxproj", "{07F04B9B-D8A7-42C8-A87B-031A4001A42B}"
EndProject
Project("{2150E333-8FDC-42A3-9474-1A3956D46DE8}") = "Solution Items", "Solution Items", "{52AAEAAA-ED7A-4864-A80F-96C01821E0D3}"
	ProjectSection(SolutionItems) = preProject
		.gitignore = .gitignore
	EndProjectSection
EndProject
Global
	GlobalSection(SolutionConfigurationPlatforms) = preSolution
		Debug|x64 = Debug|x64
		Debug|x86 = Debug|x86
		Release|x64 = Release|x64
		Release|x86 = Release|x86
	EndGlobalSection
	GlobalSection(ProjectConfigurationPlatforms) = postSolution
		{07F04B9B-D8A7-42C8-A87B-031A4001A42B}.Debug|x64.ActiveCfg = Debug|x64
		{07F04B9B-D8A7-42C8-A87B-031A4001A42B}.Debug|x64.Build.0 = Debug|x64
		{07F04B9B-D8A7-42C8-A87B-031A4001A42B}.Debug|x86.ActiveCfg = Debug|Win32
		{07F04B9B-D8A7-42C8-A87B-031A4001A42B}.Debug|x86.Build.0 = Debug|Win32
		{07F04B9B-D8A7-42C8-A87B-031A4001A42B}.Release|x64.ActiveCfg = Release|x64
		{07F04B9B-D8A7-42C8-A87B-031A4001A42B}.Release|x64.Build.0 = Release|x64
		{07F04B9B-D8A7-42C8-A87B-031A4001A42B}.Release|x86.ActiveCfg = Release|Win32
		{07F04B9B-D8A7-42C8-A87B-031A4001A42B}.Release|x86.Build.0 = Release|Win32
	EndGlobalSection
	GlobalSection(SolutionProperties) = preSolution
		HideSolutionNode = FALSE
	EndGlobalSection
	GlobalSection(ExtensibilityGlobals) = postSolution
		SolutionGuid = {57B3AF0C-2D18-47FF-86ED-B9ACE4D7A07B}
	EndGlobalSection
EndGlobal
